// !$*UTF8*$!
{
	archiveVersion = 1;
	classes = {
	};
	objectVersion = 50;
	objects = {

/* Begin PBXBuildFile section */
		551F788C244A8BF600E57EAF /* AppDelegate.swift in Sources */ = {isa = PBXBuildFile; fileRef = 551F788B244A8BF600E57EAF /* AppDelegate.swift */; };
		551F788E244A8BF600E57EAF /* SceneDelegate.swift in Sources */ = {isa = PBXBuildFile; fileRef = 551F788D244A8BF600E57EAF /* SceneDelegate.swift */; };
		551F7890244A8BF600E57EAF /* RecordSoundsViewController.swift in Sources */ = {isa = PBXBuildFile; fileRef = 551F788F244A8BF600E57EAF /* RecordSoundsViewController.swift */; };
		551F7895244A8BF900E57EAF /* Assets.xcassets in Resources */ = {isa = PBXBuildFile; fileRef = 551F7894244A8BF900E57EAF /* Assets.xcassets */; };
		551F7898244A8BF900E57EAF /* LaunchScreen.storyboard in Resources */ = {isa = PBXBuildFile; fileRef = 551F7896244A8BF900E57EAF /* LaunchScreen.storyboard */; };
		551F78A3244A8BFA00E57EAF /* PitchPerfectTests.swift in Sources */ = {isa = PBXBuildFile; fileRef = 551F78A2244A8BFA00E57EAF /* PitchPerfectTests.swift */; };
		551F78AE244A8BFA00E57EAF /* PitchPerfectUITests.swift in Sources */ = {isa = PBXBuildFile; fileRef = 551F78AD244A8BFA00E57EAF /* PitchPerfectUITests.swift */; };
		551F78BB244A8C8300E57EAF /* Main.storyboard in Resources */ = {isa = PBXBuildFile; fileRef = 551F7891244A8BF600E57EAF /* Main.storyboard */; };
		551F78BD244AA96D00E57EAF /* PlaySoundsViewController.swift in Sources */ = {isa = PBXBuildFile; fileRef = 551F78BC244AA96D00E57EAF /* PlaySoundsViewController.swift */; };
		551F78C1244AB81300E57EAF /* Playsoundsviewcontroller-audio.swift in Sources */ = {isa = PBXBuildFile; fileRef = 551F78C0244AB81300E57EAF /* Playsoundsviewcontroller-audio.swift */; };
/* End PBXBuildFile section */

/* Begin PBXContainerItemProxy section */
		551F789F244A8BFA00E57EAF /* PBXContainerItemProxy */ = {
			isa = PBXContainerItemProxy;
			containerPortal = 551F7880244A8BF600E57EAF /* Project object */;
			proxyType = 1;
			remoteGlobalIDString = 551F7887244A8BF600E57EAF;
			remoteInfo = PitchPerfect;
		};
		551F78AA244A8BFA00E57EAF /* PBXContainerItemProxy */ = {
			isa = PBXContainerItemProxy;
			containerPortal = 551F7880244A8BF600E57EAF /* Project object */;
			proxyType = 1;
			remoteGlobalIDString = 551F7887244A8BF600E57EAF;
			remoteInfo = PitchPerfect;
		};
/* End PBXContainerItemProxy section */

/* Begin PBXFileReference section */
		551F7888244A8BF600E57EAF /* PitchPerfect.app */ = {isa = PBXFileReference; explicitFileType = wrapper.application; includeInIndex = 0; path = PitchPerfect.app; sourceTree = BUILT_PRODUCTS_DIR; };
		551F788B244A8BF600E57EAF /* AppDelegate.swift */ = {isa = PBXFileReference; lastKnownFileType = sourcecode.swift; path = AppDelegate.swift; sourceTree = "<group>"; };
		551F788D244A8BF600E57EAF /* SceneDelegate.swift */ = {isa = PBXFileReference; lastKnownFileType = sourcecode.swift; path = SceneDelegate.swift; sourceTree = "<group>"; };
		551F788F244A8BF600E57EAF /* RecordSoundsViewController.swift */ = {isa = PBXFileReference; lastKnownFileType = sourcecode.swift; path = RecordSoundsViewController.swift; sourceTree = "<group>"; };
		551F7892244A8BF600E57EAF /* Base */ = {isa = PBXFileReference; lastKnownFileType = file.storyboard; name = Base; path = Base.lproj/Main.storyboard; sourceTree = "<group>"; };
		551F7894244A8BF900E57EAF /* Assets.xcassets */ = {isa = PBXFileReference; lastKnownFileType = folder.assetcatalog; path = Assets.xcassets; sourceTree = "<group>"; };
		551F7897244A8BF900E57EAF /* Base */ = {isa = PBXFileReference; lastKnownFileType = file.storyboard; name = Base; path = Base.lproj/LaunchScreen.storyboard; sourceTree = "<group>"; };
		551F7899244A8BF900E57EAF /* Info.plist */ = {isa = PBXFileReference; lastKnownFileType = text.plist.xml; path = Info.plist; sourceTree = "<group>"; };
		551F789E244A8BFA00E57EAF /* PitchPerfectTests.xctest */ = {isa = PBXFileReference; explicitFileType = wrapper.cfbundle; includeInIndex = 0; path = PitchPerfectTests.xctest; sourceTree = BUILT_PRODUCTS_DIR; };
		551F78A2244A8BFA00E57EAF /* PitchPerfectTests.swift */ = {isa = PBXFileReference; lastKnownFileType = sourcecode.swift; path = PitchPerfectTests.swift; sourceTree = "<group>"; };
		551F78A4244A8BFA00E57EAF /* Info.plist */ = {isa = PBXFileReference; lastKnownFileType = text.plist.xml; path = Info.plist; sourceTree = "<group>"; };
		551F78A9244A8BFA00E57EAF /* PitchPerfectUITests.xctest */ = {isa = PBXFileReference; explicitFileType = wrapper.cfbundle; includeInIndex = 0; path = PitchPerfectUITests.xctest; sourceTree = BUILT_PRODUCTS_DIR; };
		551F78AD244A8BFA00E57EAF /* PitchPerfectUITests.swift */ = {isa = PBXFileReference; lastKnownFileType = sourcecode.swift; path = PitchPerfectUITests.swift; sourceTree = "<group>"; };
		551F78AF244A8BFA00E57EAF /* Info.plist */ = {isa = PBXFileReference; lastKnownFileType = text.plist.xml; path = Info.plist; sourceTree = "<group>"; };
		551F78BC244AA96D00E57EAF /* PlaySoundsViewController.swift */ = {isa = PBXFileReference; lastKnownFileType = sourcecode.swift; path = PlaySoundsViewController.swift; sourceTree = "<group>"; };
		551F78C0244AB81300E57EAF /* Playsoundsviewcontroller-audio.swift */ = {isa = PBXFileReference; fileEncoding = 4; lastKnownFileType = sourcecode.swift; path = "Playsoundsviewcontroller-audio.swift"; sourceTree = "<group>"; };
/* End PBXFileReference section */

/* Begin PBXFrameworksBuildPhase section */
		551F7885244A8BF600E57EAF /* Frameworks */ = {
			isa = PBXFrameworksBuildPhase;
			buildActionMask = 2147483647;
			files = (
			);
			runOnlyForDeploymentPostprocessing = 0;
		};
		551F789B244A8BFA00E57EAF /* Frameworks */ = {
			isa = PBXFrameworksBuildPhase;
			buildActionMask = 2147483647;
			files = (
			);
			runOnlyForDeploymentPostprocessing = 0;
		};
		551F78A6244A8BFA00E57EAF /* Frameworks */ = {
			isa = PBXFrameworksBuildPhase;
			buildActionMask = 2147483647;
			files = (
			);
			runOnlyForDeploymentPostprocessing = 0;
		};
/* End PBXFrameworksBuildPhase section */

/* Begin PBXGroup section */
		551F787F244A8BF600E57EAF = {
			isa = PBXGroup;
			children = (
				551F788A244A8BF600E57EAF /* PitchPerfect */,
				551F78A1244A8BFA00E57EAF /* PitchPerfectTests */,
				551F78AC244A8BFA00E57EAF /* PitchPerfectUITests */,
				551F7889244A8BF600E57EAF /* Products */,
			);
			sourceTree = "<group>";
		};
		551F7889244A8BF600E57EAF /* Products */ = {
			isa = PBXGroup;
			children = (
				551F7888244A8BF600E57EAF /* PitchPerfect.app */,
				551F789E244A8BFA00E57EAF /* PitchPerfectTests.xctest */,
				551F78A9244A8BFA00E57EAF /* PitchPerfectUITests.xctest */,
			);
			name = Products;
			sourceTree = "<group>";
		};
		551F788A244A8BF600E57EAF /* PitchPerfect */ = {
			isa = PBXGroup;
			children = (
				551F788B244A8BF600E57EAF /* AppDelegate.swift */,
				551F788D244A8BF600E57EAF /* SceneDelegate.swift */,
				551F788F244A8BF600E57EAF /* RecordSoundsViewController.swift */,
				551F7891244A8BF600E57EAF /* Main.storyboard */,
				551F7894244A8BF900E57EAF /* Assets.xcassets */,
				551F7896244A8BF900E57EAF /* LaunchScreen.storyboard */,
				551F7899244A8BF900E57EAF /* Info.plist */,
				551F78BC244AA96D00E57EAF /* PlaySoundsViewController.swift */,
				551F78C0244AB81300E57EAF /* Playsoundsviewcontroller-audio.swift */,
			);
			path = PitchPerfect;
			sourceTree = "<group>";
		};
		551F78A1244A8BFA00E57EAF /* PitchPerfectTests */ = {
			isa = PBXGroup;
			children = (
				551F78A2244A8BFA00E57EAF /* PitchPerfectTests.swift */,
				551F78A4244A8BFA00E57EAF /* Info.plist */,
			);
			path = PitchPerfectTests;
			sourceTree = "<group>";
		};
		551F78AC244A8BFA00E57EAF /* PitchPerfectUITests */ = {
			isa = PBXGroup;
			children = (
				551F78AD244A8BFA00E57EAF /* PitchPerfectUITests.swift */,
				551F78AF244A8BFA00E57EAF /* Info.plist */,
			);
			path = PitchPerfectUITests;
			sourceTree = "<group>";
		};
/* End PBXGroup section */

/* Begin PBXNativeTarget section */
		551F7887244A8BF600E57EAF /* PitchPerfect */ = {
			isa = PBXNativeTarget;
			buildConfigurationList = 551F78B2244A8BFA00E57EAF /* Build configuration list for PBXNativeTarget "PitchPerfect" */;
			buildPhases = (
				551F7884244A8BF600E57EAF /* Sources */,
				551F7885244A8BF600E57EAF /* Frameworks */,
				551F7886244A8BF600E57EAF /* Resources */,
			);
			buildRules = (
			);
			dependencies = (
			);
			name = PitchPerfect;
			productName = PitchPerfect;
			productReference = 551F7888244A8BF600E57EAF /* PitchPerfect.app */;
			productType = "com.apple.product-type.application";
		};
		551F789D244A8BFA00E57EAF /* PitchPerfectTests */ = {
			isa = PBXNativeTarget;
			buildConfigurationList = 551F78B5244A8BFA00E57EAF /* Build configuration list for PBXNativeTarget "PitchPerfectTests" */;
			buildPhases = (
				551F789A244A8BFA00E57EAF /* Sources */,
				551F789B244A8BFA00E57EAF /* Frameworks */,
				551F789C244A8BFA00E57EAF /* Resources */,
			);
			buildRules = (
			);
			dependencies = (
				551F78A0244A8BFA00E57EAF /* PBXTargetDependency */,
			);
			name = PitchPerfectTests;
			productName = PitchPerfectTests;
			productReference = 551F789E244A8BFA00E57EAF /* PitchPerfectTests.xctest */;
			productType = "com.apple.product-type.bundle.unit-test";
		};
		551F78A8244A8BFA00E57EAF /* PitchPerfectUITests */ = {
			isa = PBXNativeTarget;
			buildConfigurationList = 551F78B8244A8BFA00E57EAF /* Build configuration list for PBXNativeTarget "PitchPerfectUITests" */;
			buildPhases = (
				551F78A5244A8BFA00E57EAF /* Sources */,
				551F78A6244A8BFA00E57EAF /* Frameworks */,
				551F78A7244A8BFA00E57EAF /* Resources */,
			);
			buildRules = (
			);
			dependencies = (
				551F78AB244A8BFA00E57EAF /* PBXTargetDependency */,
			);
			name = PitchPerfectUITests;
			productName = PitchPerfectUITests;
			productReference = 551F78A9244A8BFA00E57EAF /* PitchPerfectUITests.xctest */;
			productType = "com.apple.product-type.bundle.ui-testing";
		};
/* End PBXNativeTarget section */

/* Begin PBXProject section */
		551F7880244A8BF600E57EAF /* Project object */ = {
			isa = PBXProject;
			attributes = {
				LastSwiftUpdateCheck = 1130;
				LastUpgradeCheck = 1130;
				ORGANIZATIONNAME = "Abdalla Elshikh";
				TargetAttributes = {
					551F7887244A8BF600E57EAF = {
						CreatedOnToolsVersion = 11.3.1;
					};
					551F789D244A8BFA00E57EAF = {
						CreatedOnToolsVersion = 11.3.1;
						TestTargetID = 551F7887244A8BF600E57EAF;
					};
					551F78A8244A8BFA00E57EAF = {
						CreatedOnToolsVersion = 11.3.1;
						TestTargetID = 551F7887244A8BF600E57EAF;
					};
				};
			};
			buildConfigurationList = 551F7883244A8BF600E57EAF /* Build configuration list for PBXProject "PitchPerfect" */;
			compatibilityVersion = "Xcode 9.3";
			developmentRegion = en;
			hasScannedForEncodings = 0;
			knownRegions = (
				en,
				Base,
			);
			mainGroup = 551F787F244A8BF600E57EAF;
			productRefGroup = 551F7889244A8BF600E57EAF /* Products */;
			projectDirPath = "";
			projectRoot = "";
			targets = (
				551F7887244A8BF600E57EAF /* PitchPerfect */,
				551F789D244A8BFA00E57EAF /* PitchPerfectTests */,
				551F78A8244A8BFA00E57EAF /* PitchPerfectUITests */,
			);
		};
/* End PBXProject section */

/* Begin PBXResourcesBuildPhase section */
		551F7886244A8BF600E57EAF /* Resources */ = {
			isa = PBXResourcesBuildPhase;
			buildActionMask = 2147483647;
			files = (
				551F78BB244A8C8300E57EAF /* Main.storyboard in Resources */,
				551F7898244A8BF900E57EAF /* LaunchScreen.storyboard in Resources */,
				551F7895244A8BF900E57EAF /* Assets.xcassets in Resources */,
			);
			runOnlyForDeploymentPostprocessing = 0;
		};
		551F789C244A8BFA00E57EAF /* Resources */ = {
			isa = PBXResourcesBuildPhase;
			buildActionMask = 2147483647;
			files = (
			);
			runOnlyForDeploymentPostprocessing = 0;
		};
		551F78A7244A8BFA00E57EAF /* Resources */ = {
			isa = PBXResourcesBuildPhase;
			buildActionMask = 2147483647;
			files = (
			);
			runOnlyForDeploymentPostprocessing = 0;
		};
/* End PBXResourcesBuildPhase section */

/* Begin PBXSourcesBuildPhase section */
		551F7884244A8BF600E57EAF /* Sources */ = {
			isa = PBXSourcesBuildPhase;
			buildActionMask = 2147483647;
			files = (
				551F7890244A8BF600E57EAF /* RecordSoundsViewController.swift in Sources */,
				551F78C1244AB81300E57EAF /* Playsoundsviewcontroller-audio.swift in Sources */,
				551F788C244A8BF600E57EAF /* AppDelegate.swift in Sources */,
				551F78BD244AA96D00E57EAF /* PlaySoundsViewController.swift in Sources */,
				551F788E244A8BF600E57EAF /* SceneDelegate.swift in Sources */,
			);
			runOnlyForDeploymentPostprocessing = 0;
		};
		551F789A244A8BFA00E57EAF /* Sources */ = {
			isa = PBXSourcesBuildPhase;
			buildActionMask = 2147483647;
			files = (
				551F78A3244A8BFA00E57EAF /* PitchPerfectTests.swift in Sources */,
			);
			runOnlyForDeploymentPostprocessing = 0;
		};
		551F78A5244A8BFA00E57EAF /* Sources */ = {
			isa = PBXSourcesBuildPhase;
			buildActionMask = 2147483647;
			files = (
				551F78AE244A8BFA00E57EAF /* PitchPerfectUITests.swift in Sources */,
			);
			runOnlyForDeploymentPostprocessing = 0;
		};
/* End PBXSourcesBuildPhase section */

/* Begin PBXTargetDependency section */
		551F78A0244A8BFA00E57EAF /* PBXTargetDependency */ = {
			isa = PBXTargetDependency;
			target = 551F7887244A8BF600E57EAF /* PitchPerfect */;
			targetProxy = 551F789F244A8BFA00E57EAF /* PBXContainerItemProxy */;
		};
		551F78AB244A8BFA00E57EAF /* PBXTargetDependency */ = {
			isa = PBXTargetDependency;
			target = 551F7887244A8BF600E57EAF /* PitchPerfect */;
			targetProxy = 551F78AA244A8BFA00E57EAF /* PBXContainerItemProxy */;
		};
/* End PBXTargetDependency section */

/* Begin PBXVariantGroup section */
		551F7891244A8BF600E57EAF /* Main.storyboard */ = {
			isa = PBXVariantGroup;
			children = (
				551F7892244A8BF600E57EAF /* Base */,
			);
			name = Main.storyboard;
			sourceTree = "<group>";
		};
		551F7896244A8BF900E57EAF /* LaunchScreen.storyboard */ = {
			isa = PBXVariantGroup;
			children = (
				551F7897244A8BF900E57EAF /* Base */,
			);
			name = LaunchScreen.storyboard;
			sourceTree = "<group>";
		};
/* End PBXVariantGroup section */

/* Begin XCBuildConfiguration section */
		551F78B0244A8BFA00E57EAF /* Debug */ = {
			isa = XCBuildConfiguration;
			buildSettings = {
				ALWAYS_SEARCH_USER_PATHS = NO;
				CLANG_ANALYZER_NONNULL = YES;
				CLANG_ANALYZER_NUMBER_OBJECT_CONVERSION = YES_AGGRESSIVE;
				CLANG_CXX_LANGUAGE_STANDARD = "gnu++14";
				CLANG_CXX_LIBRARY = "libc++";
				CLANG_ENABLE_MODULES = YES;
				CLANG_ENABLE_OBJC_ARC = YES;
				CLANG_ENABLE_OBJC_WEAK = YES;
				CLANG_WARN_BLOCK_CAPTURE_AUTORELEASING = YES;
				CLANG_WARN_BOOL_CONVERSION = YES;
				CLANG_WARN_COMMA = YES;
				CLANG_WARN_CONSTANT_CONVERSION = YES;
				CLANG_WARN_DEPRECATED_OBJC_IMPLEMENTATIONS = YES;
				CLANG_WARN_DIRECT_OBJC_ISA_USAGE = YES_ERROR;
				CLANG_WARN_DOCUMENTATION_COMMENTS = YES;
				CLANG_WARN_EMPTY_BODY = YES;
				CLANG_WARN_ENUM_CONVERSION = YES;
				CLANG_WARN_INFINITE_RECURSION = YES;
				CLANG_WARN_INT_CONVERSION = YES;
				CLANG_WARN_NON_LITERAL_NULL_CONVERSION = YES;
				CLANG_WARN_OBJC_IMPLICIT_RETAIN_SELF = YES;
				CLANG_WARN_OBJC_LITERAL_CONVERSION = YES;
				CLANG_WARN_OBJC_ROOT_CLASS = YES_ERROR;
				CLANG_WARN_RANGE_LOOP_ANALYSIS = YES;
				CLANG_WARN_STRICT_PROTOTYPES = YES;
				CLANG_WARN_SUSPICIOUS_MOVE = YES;
				CLANG_WARN_UNGUARDED_AVAILABILITY = YES_AGGRESSIVE;
				CLANG_WARN_UNREACHABLE_CODE = YES;
				CLANG_WARN__DUPLICATE_METHOD_MATCH = YES;
				COPY_PHASE_STRIP = NO;
				DEBUG_INFORMATION_FORMAT = dwarf;
				ENABLE_STRICT_OBJC_MSGSEND = YES;
				ENABLE_TESTABILITY = YES;
				GCC_C_LANGUAGE_STANDARD = gnu11;
				GCC_DYNAMIC_NO_PIC = NO;
				GCC_NO_COMMON_BLOCKS = YES;
				GCC_OPTIMIZATION_LEVEL = 0;
				GCC_PREPROCESSOR_DEFINITIONS = (
					"DEBUG=1",
					"$(inherited)",
				);
				GCC_WARN_64_TO_32_BIT_CONVERSION = YES;
				GCC_WARN_ABOUT_RETURN_TYPE = YES_ERROR;
				GCC_WARN_UNDECLARED_SELECTOR = YES;
				GCC_WARN_UNINITIALIZED_AUTOS = YES_AGGRESSIVE;
				GCC_WARN_UNUSED_FUNCTION = YES;
				GCC_WARN_UNUSED_VARIABLE = YES;
				IPHONEOS_DEPLOYMENT_TARGET = 13.2;
				MTL_ENABLE_DEBUG_INFO = INCLUDE_SOURCE;
				MTL_FAST_MATH = YES;
				ONLY_ACTIVE_ARCH = YES;
				SDKROOT = iphoneos;
				SWIFT_ACTIVE_COMPILATION_CONDITIONS = DEBUG;
				SWIFT_OPTIMIZATION_LEVEL = "-Onone";
			};
			name = Debug;
		};
		551F78B1244A8BFA00E57EAF /* Release */ = {
			isa = XCBuildConfiguration;
			buildSettings = {
				ALWAYS_SEARCH_USER_PATHS = NO;
				CLANG_ANALYZER_NONNULL = YES;
				CLANG_ANALYZER_NUMBER_OBJECT_CONVERSION = YES_AGGRESSIVE;
				CLANG_CXX_LANGUAGE_STANDARD = "gnu++14";
				CLANG_CXX_LIBRARY = "libc++";
				CLANG_ENABLE_MODULES = YES;
				CLANG_ENABLE_OBJC_ARC = YES;
				CLANG_ENABLE_OBJC_WEAK = YES;
				CLANG_WARN_BLOCK_CAPTURE_AUTORELEASING = YES;
				CLANG_WARN_BOOL_CONVERSION = YES;
				CLANG_WARN_COMMA = YES;
				CLANG_WARN_CONSTANT_CONVERSION = YES;
				CLANG_WARN_DEPRECATED_OBJC_IMPLEMENTATIONS = YES;
				CLANG_WARN_DIRECT_OBJC_ISA_USAGE = YES_ERROR;
				CLANG_WARN_DOCUMENTATION_COMMENTS = YES;
				CLANG_WARN_EMPTY_BODY = YES;
				CLANG_WARN_ENUM_CONVERSION = YES;
				CLANG_WARN_INFINITE_RECURSION = YES;
				CLANG_WARN_INT_CONVERSION = YES;
				CLANG_WARN_NON_LITERAL_NULL_CONVERSION = YES;
				CLANG_WARN_OBJC_IMPLICIT_RETAIN_SELF = YES;
				CLANG_WARN_OBJC_LITERAL_CONVERSION = YES;
				CLANG_WARN_OBJC_ROOT_CLASS = YES_ERROR;
				CLANG_WARN_RANGE_LOOP_ANALYSIS = YES;
				CLANG_WARN_STRICT_PROTOTYPES = YES;
				CLANG_WARN_SUSPICIOUS_MOVE = YES;
				CLANG_WARN_UNGUARDED_AVAILABILITY = YES_AGGRESSIVE;
				CLANG_WARN_UNREACHABLE_CODE = YES;
				CLANG_WARN__DUPLICATE_METHOD_MATCH = YES;
				COPY_PHASE_STRIP = NO;
				DEBUG_INFORMATION_FORMAT = "dwarf-with-dsym";
				ENABLE_NS_ASSERTIONS = NO;
				ENABLE_STRICT_OBJC_MSGSEND = YES;
				GCC_C_LANGUAGE_STANDARD = gnu11;
				GCC_NO_COMMON_BLOCKS = YES;
				GCC_WARN_64_TO_32_BIT_CONVERSION = YES;
				GCC_WARN_ABOUT_RETURN_TYPE = YES_ERROR;
				GCC_WARN_UNDECLARED_SELECTOR = YES;
				GCC_WARN_UNINITIALIZED_AUTOS = YES_AGGRESSIVE;
				GCC_WARN_UNUSED_FUNCTION = YES;
				GCC_WARN_UNUSED_VARIABLE = YES;
				IPHONEOS_DEPLOYMENT_TARGET = 13.2;
				MTL_ENABLE_DEBUG_INFO = NO;
				MTL_FAST_MATH = YES;
				SDKROOT = iphoneos;
				SWIFT_COMPILATION_MODE = wholemodule;
				SWIFT_OPTIMIZATION_LEVEL = "-O";
				VALIDATE_PRODUCT = YES;
			};
			name = Release;
		};
		551F78B3244A8BFA00E57EAF /* Debug */ = {
			isa = XCBuildConfiguration;
			buildSettings = {
				ASSETCATALOG_COMPILER_APPICON_NAME = AppIcon;
				CODE_SIGN_STYLE = Automatic;
				INFOPLIST_FILE = PitchPerfect/Info.plist;
				LD_RUNPATH_SEARCH_PATHS = (
					"$(inherited)",
					"@executable_path/Frameworks",
				);
				PRODUCT_BUNDLE_IDENTIFIER = com.test.PitchPerfect;
				PRODUCT_NAME = "$(TARGET_NAME)";
				SWIFT_VERSION = 5.0;
				TARGETED_DEVICE_FAMILY = "1,2";
			};
			name = Debug;
		};
		551F78B4244A8BFA00E57EAF /* Release */ = {
			isa = XCBuildConfiguration;
			buildSettings = {
				ASSETCATALOG_COMPILER_APPICON_NAME = AppIcon;
				CODE_SIGN_STYLE = Automatic;
				INFOPLIST_FILE = PitchPerfect/Info.plist;
				LD_RUNPATH_SEARCH_PATHS = (
					"$(inherited)",
					"@executable_path/Frameworks",
				);
				PRODUCT_BUNDLE_IDENTIFIER = com.test.PitchPerfect;
				PRODUCT_NAME = "$(TARGET_NAME)";
				SWIFT_VERSION = 5.0;
				TARGETED_DEVICE_FAMILY = "1,2";
			};
			name = Release;
		};
		551F78B6244A8BFA00E57EAF /* Debug */ = {
			isa = XCBuildConfiguration;
			buildSettings = {
				ALWAYS_EMBED_SWIFT_STANDARD_LIBRARIES = YES;
				BUNDLE_LOADER = "$(TEST_HOST)";
				CODE_SIGN_STYLE = Automatic;
				INFOPLIST_FILE = PitchPerfectTests/Info.plist;
				IPHONEOS_DEPLOYMENT_TARGET = 13.2;
				LD_RUNPATH_SEARCH_PATHS = (
					"$(inherited)",
					"@executable_path/Frameworks",
					"@loader_path/Frameworks",
				);
				PRODUCT_BUNDLE_IDENTIFIER = com.test.PitchPerfectTests;
				PRODUCT_NAME = "$(TARGET_NAME)";
				SWIFT_VERSION = 5.0;
				TARGETED_DEVICE_FAMILY = "1,2";
				TEST_HOST = "$(BUILT_PRODUCTS_DIR)/PitchPerfect.app/PitchPerfect";
			};
			name = Debug;
		};
		551F78B7244A8BFA00E57EAF /* Release */ = {
			isa = XCBuildConfiguration;
			buildSettings = {
				ALWAYS_EMBED_SWIFT_STANDARD_LIBRARIES = YES;
				BUNDLE_LOADER = "$(TEST_HOST)";
				CODE_SIGN_STYLE = Automatic;
				INFOPLIST_FILE = PitchPerfectTests/Info.plist;
				IPHONEOS_DEPLOYMENT_TARGET = 13.2;
				LD_RUNPATH_SEARCH_PATHS = (
					"$(inherited)",
					"@executable_path/Frameworks",
					"@loader_path/Frameworks",
				);
				PRODUCT_BUNDLE_IDENTIFIER = com.test.PitchPerfectTests;
				PRODUCT_NAME = "$(TARGET_NAME)";
				SWIFT_VERSION = 5.0;
				TARGETED_DEVICE_FAMILY = "1,2";
				TEST_HOST = "$(BUILT_PRODUCTS_DIR)/PitchPerfect.app/PitchPerfect";
			};
			name = Release;
		};
		551F78B9244A8BFA00E57EAF /* Debug */ = {
			isa = XCBuildConfiguration;
			buildSettings = {
				ALWAYS_EMBED_SWIFT_STANDARD_LIBRARIES = YES;
				CODE_SIGN_STYLE = Automatic;
				INFOPLIST_FILE = PitchPerfectUITests/Info.plist;
				LD_RUNPATH_SEARCH_PATHS = (
					"$(inherited)",
					"@executable_path/Frameworks",
					"@loader_path/Frameworks",
				);
				PRODUCT_BUNDLE_IDENTIFIER = com.test.PitchPerfectUITests;
				PRODUCT_NAME = "$(TARGET_NAME)";
				SWIFT_VERSION = 5.0;
				TARGETED_DEVICE_FAMILY = "1,2";
				TEST_TARGET_NAME = PitchPerfect;
			};
			name = Debug;
		};
		551F78BA244A8BFA00E57EAF /* Release */ = {
			isa = XCBuildConfiguration;
			buildSettings = {
				ALWAYS_EMBED_SWIFT_STANDARD_LIBRARIES = YES;
				CODE_SIGN_STYLE = Automatic;
				INFOPLIST_FILE = PitchPerfectUITests/Info.plist;
				LD_RUNPATH_SEARCH_PATHS = (
					"$(inherited)",
					"@executable_path/Frameworks",
					"@loader_path/Frameworks",
				);
				PRODUCT_BUNDLE_IDENTIFIER = com.test.PitchPerfectUITests;
				PRODUCT_NAME = "$(TARGET_NAME)";
				SWIFT_VERSION = 5.0;
				TARGETED_DEVICE_FAMILY = "1,2";
				TEST_TARGET_NAME = PitchPerfect;
			};
			name = Release;
		};
/* End XCBuildConfiguration section */

/* Begin XCConfigurationList section */
		551F7883244A8BF600E57EAF /* Build configuration list for PBXProject "PitchPerfect" */ = {
			isa = XCConfigurationList;
			buildConfigurations = (
				551F78B0244A8BFA00E57EAF /* Debug */,
				551F78B1244A8BFA00E57EAF /* Release */,
			);
			defaultConfigurationIsVisible = 0;
			defaultConfigurationName = Release;
		};
		551F78B2244A8BFA00E57EAF /* Build configuration list for PBXNativeTarget "PitchPerfect" */ = {
			isa = XCConfigurationList;
			buildConfigurations = (
				551F78B3244A8BFA00E57EAF /* Debug */,
				551F78B4244A8BFA00E57EAF /* Release */,
			);
			defaultConfigurationIsVisible = 0;
			defaultConfigurationName = Release;
		};
		551F78B5244A8BFA00E57EAF /* Build configuration list for PBXNativeTarget "PitchPerfectTests" */ = {
			isa = XCConfigurationList;
			buildConfigurations = (
				551F78B6244A8BFA00E57EAF /* Debug */,
				551F78B7244A8BFA00E57EAF /* Release */,
			);
			defaultConfigurationIsVisible = 0;
			defaultConfigurationName = Release;
		};
		551F78B8244A8BFA00E57EAF /* Build configuration list for PBXNativeTarget "PitchPerfectUITests" */ = {
			isa = XCConfigurationList;
			buildConfigurations = (
				551F78B9244A8BFA00E57EAF /* Debug */,
				551F78BA244A8BFA00E57EAF /* Release */,
			);
			defaultConfigurationIsVisible = 0;
			defaultConfigurationName = Release;
		};
/* End XCConfigurationList section */
	};
	rootObject = 551F7880244A8BF600E57EAF /* Project object */;
}
